
Microsoft Visual Studio Solution File, Format Version 12.00
# Visual Studio Version 16
VisualStudioVersion = 16.0.808.6
MinimumVisualStudioVersion = 10.0.40219.1
Project("{FAE04EC0-301F-11D3-BF4B-00C04F79EFBC}") = "IniSort", "IniSort\IniSort.csproj", "{2CF1AE92-BBC8-442A-A63A-A3DED449655F}"
EndProject
Global
	GlobalSection(SolutionConfigurationPlatforms) = preSolution
		Debug|Any CPU = Debug|Any CPU
		Release|Any CPU = Release|Any CPU
	EndGlobalSection
	GlobalSection(ProjectConfigurationPlatforms) = postSolution
		{2CF1AE92-BBC8-442A-A63A-A3DED449655F}.Debug|Any CPU.ActiveCfg = Debug|Any CPU
		{2CF1AE92-BBC8-442A-A63A-A3DED449655F}.Debug|Any CPU.Build.0 = Debug|Any CPU
		{2CF1AE92-BBC8-442A-A63A-A3DED449655F}.Release|Any CPU.ActiveCfg = Release|Any CPU
		{2CF1AE92-BBC8-442A-A63A-A3DED449655F}.Release|Any CPU.Build.0 = Release|Any CPU
	EndGlobalSection
	GlobalSection(SolutionProperties) = preSolution
		HideSolutionNode = FALSE
	EndGlobalSection
	GlobalSection(ExtensibilityGlobals) = postSolution
		SolutionGuid = {BCE423A1-896C-4787-B93A-1627D60D873B}
	EndGlobalSection
EndGlobal
